
Microsoft Visual Studio Solution File, Format Version 12.00
# Visual Studio Version 16
VisualStudioVersion = 16.0.29613.14
MinimumVisualStudioVersion = 10.0.40219.1
Project("{FAE04EC0-301F-11D3-BF4B-00C04F79EFBC}") = "JsonWebToken", "JsonWebToken\JsonWebToken.csproj", "{DE9DD946-CEDA-47C3-80E5-047BC5AA70F8}"
EndProject
Project("{FAE04EC0-301F-11D3-BF4B-00C04F79EFBC}") = "OAuthAuthentication", "OAuthAuthentication\OAuthAuthentication.csproj", "{AB2C9E94-E1BF-40EB-ADF8-A06F50B2C0BF}"
EndProject
Global
	GlobalSection(SolutionConfigurationPlatforms) = preSolution
		Debug|Any CPU = Debug|Any CPU
		Release|Any CPU = Release|Any CPU
	EndGlobalSection
	GlobalSection(ProjectConfigurationPlatforms) = postSolution
		{DE9DD946-CEDA-47C3-80E5-047BC5AA70F8}.Debug|Any CPU.ActiveCfg = Debug|Any CPU
		{DE9DD946-CEDA-47C3-80E5-047BC5AA70F8}.Debug|Any CPU.Build.0 = Debug|Any CPU
		{DE9DD946-CEDA-47C3-80E5-047BC5AA70F8}.Release|Any CPU.ActiveCfg = Release|Any CPU
		{DE9DD946-CEDA-47C3-80E5-047BC5AA70F8}.Release|Any CPU.Build.0 = Release|Any CPU
		{AB2C9E94-E1BF-40EB-ADF8-A06F50B2C0BF}.Debug|Any CPU.ActiveCfg = Debug|Any CPU
		{AB2C9E94-E1BF-40EB-ADF8-A06F50B2C0BF}.Debug|Any CPU.Build.0 = Debug|Any CPU
		{AB2C9E94-E1BF-40EB-ADF8-A06F50B2C0BF}.Release|Any CPU.ActiveCfg = Release|Any CPU
		{AB2C9E94-E1BF-40EB-ADF8-A06F50B2C0BF}.Release|Any CPU.Build.0 = Release|Any CPU
	EndGlobalSection
	GlobalSection(SolutionProperties) = preSolution
		HideSolutionNode = FALSE
	EndGlobalSection
	GlobalSection(ExtensibilityGlobals) = postSolution
		SolutionGuid = {5747FE36-3288-4799-8BE5-15C99EF6C6FF}
	EndGlobalSection
EndGlobal
